
Microsoft Visual Studio Solution File, Format Version 12.00
# Visual Studio Version 16
VisualStudioVersion = 16.0.29123.88
MinimumVisualStudioVersion = 10.0.40219.1
Project("{FAE04EC0-301F-11D3-BF4B-00C04F79EFBC}") = "Cwiczenia0", "Cwiczenia0\Cwiczenia0.csproj", "{DE465D44-B07B-4414-ADCE-975041E1E1DB}"
EndProject
Global
	GlobalSection(SolutionConfigurationPlatforms) = preSolution
		Debug|Any CPU = Debug|Any CPU
		Release|Any CPU = Release|Any CPU
	EndGlobalSection
	GlobalSection(ProjectConfigurationPlatforms) = postSolution
		{DE465D44-B07B-4414-ADCE-975041E1E1DB}.Debug|Any CPU.ActiveCfg = Debug|Any CPU
		{DE465D44-B07B-4414-ADCE-975041E1E1DB}.Debug|Any CPU.Build.0 = Debug|Any CPU
		{DE465D44-B07B-4414-ADCE-975041E1E1DB}.Release|Any CPU.ActiveCfg = Release|Any CPU
		{DE465D44-B07B-4414-ADCE-975041E1E1DB}.Release|Any CPU.Build.0 = Release|Any CPU
	EndGlobalSection
	GlobalSection(SolutionProperties) = preSolution
		HideSolutionNode = FALSE
	EndGlobalSection
	GlobalSection(ExtensibilityGlobals) = postSolution
		SolutionGuid = {8954599C-DC7E-4F46-9046-829E2F2A825A}
	EndGlobalSection
EndGlobal
